
Microsoft Visual Studio Solution File, Format Version 12.00
Project("{FAE04EC0-301F-11D3-BF4B-00C04F79EFBC}") = "TestDotNetCore", "TestDotNetCore\TestDotNetCore.csproj", "{3B23C660-88CF-4B98-8127-30D740894DEF}"
EndProject
Project("{2150E333-8FDC-42A3-9474-1A3956D46DE8}") = "Infrastructure", "Infrastructure", "{41DF7DA1-B549-4130-B11C-EABAB4E09351}"
EndProject
Project("{FAE04EC0-301F-11D3-BF4B-00C04F79EFBC}") = "Infrastructure.Data", "Infrastructure\Infrastructure.Data\Infrastructure.Data.csproj", "{A965C5B2-7BD5-4BBE-9B6D-E92206B5F1B9}"
EndProject
Project("{2150E333-8FDC-42A3-9474-1A3956D46DE8}") = "Core", "Core", "{F36C93E3-2DE0-420B-B2CF-8EA57D7BB423}"
EndProject
Project("{2150E333-8FDC-42A3-9474-1A3956D46DE8}") = "Solution Items", "Solution Items", "{53D81101-EF73-4DE4-A025-80AE156432AC}"
	ProjectSection(SolutionItems) = preProject
		compose.yaml = compose.yaml
	EndProjectSection
EndProject
Project("{FAE04EC0-301F-11D3-BF4B-00C04F79EFBC}") = "Core.Weather", "Core.Weather\Core.Weather.csproj", "{84B36B40-12C8-46FC-A9F0-E0E16BBC4EA7}"
EndProject
Global
	GlobalSection(SolutionConfigurationPlatforms) = preSolution
		Debug|Any CPU = Debug|Any CPU
		Release|Any CPU = Release|Any CPU
	EndGlobalSection
	GlobalSection(ProjectConfigurationPlatforms) = postSolution
		{3B23C660-88CF-4B98-8127-30D740894DEF}.Debug|Any CPU.ActiveCfg = Debug|Any CPU
		{3B23C660-88CF-4B98-8127-30D740894DEF}.Debug|Any CPU.Build.0 = Debug|Any CPU
		{3B23C660-88CF-4B98-8127-30D740894DEF}.Release|Any CPU.ActiveCfg = Release|Any CPU
		{3B23C660-88CF-4B98-8127-30D740894DEF}.Release|Any CPU.Build.0 = Release|Any CPU
		{A965C5B2-7BD5-4BBE-9B6D-E92206B5F1B9}.Debug|Any CPU.ActiveCfg = Debug|Any CPU
		{A965C5B2-7BD5-4BBE-9B6D-E92206B5F1B9}.Debug|Any CPU.Build.0 = Debug|Any CPU
		{A965C5B2-7BD5-4BBE-9B6D-E92206B5F1B9}.Release|Any CPU.ActiveCfg = Release|Any CPU
		{A965C5B2-7BD5-4BBE-9B6D-E92206B5F1B9}.Release|Any CPU.Build.0 = Release|Any CPU
		{84B36B40-12C8-46FC-A9F0-E0E16BBC4EA7}.Debug|Any CPU.ActiveCfg = Debug|Any CPU
		{84B36B40-12C8-46FC-A9F0-E0E16BBC4EA7}.Debug|Any CPU.Build.0 = Debug|Any CPU
		{84B36B40-12C8-46FC-A9F0-E0E16BBC4EA7}.Release|Any CPU.ActiveCfg = Release|Any CPU
		{84B36B40-12C8-46FC-A9F0-E0E16BBC4EA7}.Release|Any CPU.Build.0 = Release|Any CPU
	EndGlobalSection
	GlobalSection(NestedProjects) = preSolution
		{A965C5B2-7BD5-4BBE-9B6D-E92206B5F1B9} = {41DF7DA1-B549-4130-B11C-EABAB4E09351}
		{84B36B40-12C8-46FC-A9F0-E0E16BBC4EA7} = {F36C93E3-2DE0-420B-B2CF-8EA57D7BB423}
	EndGlobalSection
EndGlobal
